
Microsoft Visual Studio Solution File, Format Version 11.00
# Visual C++ Express 2010
Project("{8BC9CEB8-8B4A-11D0-8D11-00A0C91BC942}") = "SymFiz", "SymFiz\SymFiz.vcxproj", "{14201D8D-3788-4C9D-9C18-D5F0C6269DAA}"
EndProject
Global
	GlobalSection(SolutionConfigurationPlatforms) = preSolution
		Debug|Win32 = Debug|Win32
		Release|Win32 = Release|Win32
	EndGlobalSection
	GlobalSection(ProjectConfigurationPlatforms) = postSolution
		{14201D8D-3788-4C9D-9C18-D5F0C6269DAA}.Debug|Win32.ActiveCfg = Debug|Win32
		{14201D8D-3788-4C9D-9C18-D5F0C6269DAA}.Debug|Win32.Build.0 = Debug|Win32
		{14201D8D-3788-4C9D-9C18-D5F0C6269DAA}.Release|Win32.ActiveCfg = Release|Win32
		{14201D8D-3788-4C9D-9C18-D5F0C6269DAA}.Release|Win32.Build.0 = Release|Win32
	EndGlobalSection
	GlobalSection(SolutionProperties) = preSolution
		HideSolutionNode = FALSE
	EndGlobalSection
EndGlobal
